
Microsoft Visual Studio Solution File, Format Version 12.00
# Visual Studio 15
VisualStudioVersion = 15.0.26730.15
MinimumVisualStudioVersion = 10.0.40219.1
Project("{FAE04EC0-301F-11D3-BF4B-00C04F79EFBC}") = "P01.RemoveNegative", "ListsLAB\P01.RemoveNegative.csproj", "{01FFE529-F796-4303-9E2C-7BDAB846DD93}"
EndProject
Project("{FAE04EC0-301F-11D3-BF4B-00C04F79EFBC}") = "P02.AppendList", "P02.AppendList\P02.AppendList.csproj", "{72AA62CB-A1FD-484D-873C-629AC5DF1EE5}"
EndProject
Project("{FAE04EC0-301F-11D3-BF4B-00C04F79EFBC}") = "P03.SumEqualNums", "P03.SumEqualNums\P03.SumEqualNums.csproj", "{936C00AF-8B41-4812-A458-6E96A5BCEAAD}"
EndProject
Project("{FAE04EC0-301F-11D3-BF4B-00C04F79EFBC}") = "P05.SortNumbers", "P05.SortNumbers\P05.SortNumbers.csproj", "{B99F1352-039D-4459-B3CE-B9A5CD7F518F}"
EndProject
Project("{FAE04EC0-301F-11D3-BF4B-00C04F79EFBC}") = "P06.SquareNumbers", "P06.SquareNumbers\P06.SquareNumbers.csproj", "{5B95EDB8-E118-4F7D-AAF6-4514CB0FBA88}"
EndProject
Global
	GlobalSection(SolutionConfigurationPlatforms) = preSolution
		Debug|Any CPU = Debug|Any CPU
		Release|Any CPU = Release|Any CPU
	EndGlobalSection
	GlobalSection(ProjectConfigurationPlatforms) = postSolution
		{01FFE529-F796-4303-9E2C-7BDAB846DD93}.Debug|Any CPU.ActiveCfg = Debug|Any CPU
		{01FFE529-F796-4303-9E2C-7BDAB846DD93}.Debug|Any CPU.Build.0 = Debug|Any CPU
		{01FFE529-F796-4303-9E2C-7BDAB846DD93}.Release|Any CPU.ActiveCfg = Release|Any CPU
		{01FFE529-F796-4303-9E2C-7BDAB846DD93}.Release|Any CPU.Build.0 = Release|Any CPU
		{72AA62CB-A1FD-484D-873C-629AC5DF1EE5}.Debug|Any CPU.ActiveCfg = Debug|Any CPU
		{72AA62CB-A1FD-484D-873C-629AC5DF1EE5}.Debug|Any CPU.Build.0 = Debug|Any CPU
		{72AA62CB-A1FD-484D-873C-629AC5DF1EE5}.Release|Any CPU.ActiveCfg = Release|Any CPU
		{72AA62CB-A1FD-484D-873C-629AC5DF1EE5}.Release|Any CPU.Build.0 = Release|Any CPU
		{936C00AF-8B41-4812-A458-6E96A5BCEAAD}.Debug|Any CPU.ActiveCfg = Debug|Any CPU
		{936C00AF-8B41-4812-A458-6E96A5BCEAAD}.Debug|Any CPU.Build.0 = Debug|Any CPU
		{936C00AF-8B41-4812-A458-6E96A5BCEAAD}.Release|Any CPU.ActiveCfg = Release|Any CPU
		{936C00AF-8B41-4812-A458-6E96A5BCEAAD}.Release|Any CPU.Build.0 = Release|Any CPU
		{B99F1352-039D-4459-B3CE-B9A5CD7F518F}.Debug|Any CPU.ActiveCfg = Debug|Any CPU
		{B99F1352-039D-4459-B3CE-B9A5CD7F518F}.Debug|Any CPU.Build.0 = Debug|Any CPU
		{B99F1352-039D-4459-B3CE-B9A5CD7F518F}.Release|Any CPU.ActiveCfg = Release|Any CPU
		{B99F1352-039D-4459-B3CE-B9A5CD7F518F}.Release|Any CPU.Build.0 = Release|Any CPU
		{5B95EDB8-E118-4F7D-AAF6-4514CB0FBA88}.Debug|Any CPU.ActiveCfg = Debug|Any CPU
		{5B95EDB8-E118-4F7D-AAF6-4514CB0FBA88}.Debug|Any CPU.Build.0 = Debug|Any CPU
		{5B95EDB8-E118-4F7D-AAF6-4514CB0FBA88}.Release|Any CPU.ActiveCfg = Release|Any CPU
		{5B95EDB8-E118-4F7D-AAF6-4514CB0FBA88}.Release|Any CPU.Build.0 = Release|Any CPU
	EndGlobalSection
	GlobalSection(SolutionProperties) = preSolution
		HideSolutionNode = FALSE
	EndGlobalSection
	GlobalSection(ExtensibilityGlobals) = postSolution
		SolutionGuid = {BA42A966-F2A9-4789-AE2B-4C8C5FAC856F}
	EndGlobalSection
EndGlobal
