
Microsoft Visual Studio Solution File, Format Version 12.00
# Visual Studio 15
VisualStudioVersion = 15.0.26730.15
MinimumVisualStudioVersion = 10.0.40219.1
Project("{FAE04EC0-301F-11D3-BF4B-00C04F79EFBC}") = "P01.LargestCommonEnd", "ArraysExe\P01.LargestCommonEnd.csproj", "{700F67AC-C6F5-4288-891B-56D83B98FA2A}"
EndProject
Project("{FAE04EC0-301F-11D3-BF4B-00C04F79EFBC}") = "P02.RotateAndSum", "P02.RotateAndSum\P02.RotateAndSum.csproj", "{A09ACBAF-E73E-450D-9E12-EA264DFBAC43}"
EndProject
Project("{FAE04EC0-301F-11D3-BF4B-00C04F79EFBC}") = "P09.IndexOfLetters", "P09.IndexOfLetters\P09.IndexOfLetters.csproj", "{85B74035-6D61-4BB3-A091-9D24C26CDEB7}"
EndProject
Project("{FAE04EC0-301F-11D3-BF4B-00C04F79EFBC}") = "P05.CompareCharArrays", "P05.CompareCharArrays\P05.CompareCharArrays.csproj", "{00D387B8-D6A2-4BBC-881A-B9D66FB3FE63}"
EndProject
Project("{FAE04EC0-301F-11D3-BF4B-00C04F79EFBC}") = "P11.EqualSums", "P11.EqualSums\P11.EqualSums.csproj", "{8698FE95-BFE3-4519-A89F-404911911668}"
EndProject
Global
	GlobalSection(SolutionConfigurationPlatforms) = preSolution
		Debug|Any CPU = Debug|Any CPU
		Release|Any CPU = Release|Any CPU
	EndGlobalSection
	GlobalSection(ProjectConfigurationPlatforms) = postSolution
		{700F67AC-C6F5-4288-891B-56D83B98FA2A}.Debug|Any CPU.ActiveCfg = Debug|Any CPU
		{700F67AC-C6F5-4288-891B-56D83B98FA2A}.Debug|Any CPU.Build.0 = Debug|Any CPU
		{700F67AC-C6F5-4288-891B-56D83B98FA2A}.Release|Any CPU.ActiveCfg = Release|Any CPU
		{700F67AC-C6F5-4288-891B-56D83B98FA2A}.Release|Any CPU.Build.0 = Release|Any CPU
		{A09ACBAF-E73E-450D-9E12-EA264DFBAC43}.Debug|Any CPU.ActiveCfg = Debug|Any CPU
		{A09ACBAF-E73E-450D-9E12-EA264DFBAC43}.Debug|Any CPU.Build.0 = Debug|Any CPU
		{A09ACBAF-E73E-450D-9E12-EA264DFBAC43}.Release|Any CPU.ActiveCfg = Release|Any CPU
		{A09ACBAF-E73E-450D-9E12-EA264DFBAC43}.Release|Any CPU.Build.0 = Release|Any CPU
		{85B74035-6D61-4BB3-A091-9D24C26CDEB7}.Debug|Any CPU.ActiveCfg = Debug|Any CPU
		{85B74035-6D61-4BB3-A091-9D24C26CDEB7}.Debug|Any CPU.Build.0 = Debug|Any CPU
		{85B74035-6D61-4BB3-A091-9D24C26CDEB7}.Release|Any CPU.ActiveCfg = Release|Any CPU
		{85B74035-6D61-4BB3-A091-9D24C26CDEB7}.Release|Any CPU.Build.0 = Release|Any CPU
		{00D387B8-D6A2-4BBC-881A-B9D66FB3FE63}.Debug|Any CPU.ActiveCfg = Debug|Any CPU
		{00D387B8-D6A2-4BBC-881A-B9D66FB3FE63}.Debug|Any CPU.Build.0 = Debug|Any CPU
		{00D387B8-D6A2-4BBC-881A-B9D66FB3FE63}.Release|Any CPU.ActiveCfg = Release|Any CPU
		{00D387B8-D6A2-4BBC-881A-B9D66FB3FE63}.Release|Any CPU.Build.0 = Release|Any CPU
		{8698FE95-BFE3-4519-A89F-404911911668}.Debug|Any CPU.ActiveCfg = Debug|Any CPU
		{8698FE95-BFE3-4519-A89F-404911911668}.Debug|Any CPU.Build.0 = Debug|Any CPU
		{8698FE95-BFE3-4519-A89F-404911911668}.Release|Any CPU.ActiveCfg = Release|Any CPU
		{8698FE95-BFE3-4519-A89F-404911911668}.Release|Any CPU.Build.0 = Release|Any CPU
	EndGlobalSection
	GlobalSection(SolutionProperties) = preSolution
		HideSolutionNode = FALSE
	EndGlobalSection
	GlobalSection(ExtensibilityGlobals) = postSolution
		SolutionGuid = {D03696A4-9F72-46E6-8687-C373C6439736}
	EndGlobalSection
EndGlobal
