
Microsoft Visual Studio Solution File, Format Version 12.00
# Visual Studio 15
VisualStudioVersion = 15.0.26730.15
MinimumVisualStudioVersion = 10.0.40219.1
Project("{FAE04EC0-301F-11D3-BF4B-00C04F79EFBC}") = "Problem1", "CSharpBasicSyntax\Problem1.csproj", "{8E0507E0-A650-4B27-83D3-519401FCEFA6}"
EndProject
Project("{FAE04EC0-301F-11D3-BF4B-00C04F79EFBC}") = "Problem2", "Problem2\Problem2.csproj", "{3AB9B3FF-1363-4B74-9C25-E3EF37F8D1A1}"
EndProject
Project("{FAE04EC0-301F-11D3-BF4B-00C04F79EFBC}") = "Problem3", "Problem3\Problem3.csproj", "{84862FE0-8EB7-49AD-8617-FE7621C8E5C6}"
EndProject
Project("{FAE04EC0-301F-11D3-BF4B-00C04F79EFBC}") = "Problem4", "Problem4\Problem4.csproj", "{5B4B1702-5FCC-4586-81CF-3784638DB3E9}"
EndProject
Project("{FAE04EC0-301F-11D3-BF4B-00C04F79EFBC}") = "Problem5", "Problem5\Problem5.csproj", "{23B97E05-47DC-4554-A457-584BD1B690A4}"
EndProject
Global
	GlobalSection(SolutionConfigurationPlatforms) = preSolution
		Debug|Any CPU = Debug|Any CPU
		Release|Any CPU = Release|Any CPU
	EndGlobalSection
	GlobalSection(ProjectConfigurationPlatforms) = postSolution
		{8E0507E0-A650-4B27-83D3-519401FCEFA6}.Debug|Any CPU.ActiveCfg = Debug|Any CPU
		{8E0507E0-A650-4B27-83D3-519401FCEFA6}.Debug|Any CPU.Build.0 = Debug|Any CPU
		{8E0507E0-A650-4B27-83D3-519401FCEFA6}.Release|Any CPU.ActiveCfg = Release|Any CPU
		{8E0507E0-A650-4B27-83D3-519401FCEFA6}.Release|Any CPU.Build.0 = Release|Any CPU
		{3AB9B3FF-1363-4B74-9C25-E3EF37F8D1A1}.Debug|Any CPU.ActiveCfg = Debug|Any CPU
		{3AB9B3FF-1363-4B74-9C25-E3EF37F8D1A1}.Debug|Any CPU.Build.0 = Debug|Any CPU
		{3AB9B3FF-1363-4B74-9C25-E3EF37F8D1A1}.Release|Any CPU.ActiveCfg = Release|Any CPU
		{3AB9B3FF-1363-4B74-9C25-E3EF37F8D1A1}.Release|Any CPU.Build.0 = Release|Any CPU
		{84862FE0-8EB7-49AD-8617-FE7621C8E5C6}.Debug|Any CPU.ActiveCfg = Debug|Any CPU
		{84862FE0-8EB7-49AD-8617-FE7621C8E5C6}.Debug|Any CPU.Build.0 = Debug|Any CPU
		{84862FE0-8EB7-49AD-8617-FE7621C8E5C6}.Release|Any CPU.ActiveCfg = Release|Any CPU
		{84862FE0-8EB7-49AD-8617-FE7621C8E5C6}.Release|Any CPU.Build.0 = Release|Any CPU
		{5B4B1702-5FCC-4586-81CF-3784638DB3E9}.Debug|Any CPU.ActiveCfg = Debug|Any CPU
		{5B4B1702-5FCC-4586-81CF-3784638DB3E9}.Debug|Any CPU.Build.0 = Debug|Any CPU
		{5B4B1702-5FCC-4586-81CF-3784638DB3E9}.Release|Any CPU.ActiveCfg = Release|Any CPU
		{5B4B1702-5FCC-4586-81CF-3784638DB3E9}.Release|Any CPU.Build.0 = Release|Any CPU
		{23B97E05-47DC-4554-A457-584BD1B690A4}.Debug|Any CPU.ActiveCfg = Debug|Any CPU
		{23B97E05-47DC-4554-A457-584BD1B690A4}.Debug|Any CPU.Build.0 = Debug|Any CPU
		{23B97E05-47DC-4554-A457-584BD1B690A4}.Release|Any CPU.ActiveCfg = Release|Any CPU
		{23B97E05-47DC-4554-A457-584BD1B690A4}.Release|Any CPU.Build.0 = Release|Any CPU
	EndGlobalSection
	GlobalSection(SolutionProperties) = preSolution
		HideSolutionNode = FALSE
	EndGlobalSection
	GlobalSection(ExtensibilityGlobals) = postSolution
		SolutionGuid = {7820A8E9-18D6-4087-B70A-BCB778B51A88}
	EndGlobalSection
EndGlobal
