
Microsoft Visual Studio Solution File, Format Version 12.00
# Visual Studio 15
VisualStudioVersion = 15.0.26730.15
MinimumVisualStudioVersion = 10.0.40219.1
Project("{FAE04EC0-301F-11D3-BF4B-00C04F79EFBC}") = "ArraysLAB", "ArraysLAB\ArraysLAB.csproj", "{4FA51341-F950-4769-8068-0E518C9408BE}"
EndProject
Global
	GlobalSection(SolutionConfigurationPlatforms) = preSolution
		Debug|Any CPU = Debug|Any CPU
		Release|Any CPU = Release|Any CPU
	EndGlobalSection
	GlobalSection(ProjectConfigurationPlatforms) = postSolution
		{4FA51341-F950-4769-8068-0E518C9408BE}.Debug|Any CPU.ActiveCfg = Debug|Any CPU
		{4FA51341-F950-4769-8068-0E518C9408BE}.Debug|Any CPU.Build.0 = Debug|Any CPU
		{4FA51341-F950-4769-8068-0E518C9408BE}.Release|Any CPU.ActiveCfg = Release|Any CPU
		{4FA51341-F950-4769-8068-0E518C9408BE}.Release|Any CPU.Build.0 = Release|Any CPU
	EndGlobalSection
	GlobalSection(SolutionProperties) = preSolution
		HideSolutionNode = FALSE
	EndGlobalSection
	GlobalSection(ExtensibilityGlobals) = postSolution
		SolutionGuid = {879BDC44-0A99-4B43-9C46-2322A761AAE8}
	EndGlobalSection
EndGlobal
